
Microsoft Visual Studio Solution File, Format Version 12.00
# Visual Studio 15
VisualStudioVersion = 15.0.28010.2016
MinimumVisualStudioVersion = 10.0.40219.1
Project("{9A19103F-16F7-4668-BE54-9A1E7A4F7556}") = "RepositoryDemo", "RepositoryDemo\RepositoryDemo.csproj", "{CFD48DF1-4E3D-4E0E-B1B2-7D297C802955}"
EndProject
Project("{2150E333-8FDC-42A3-9474-1A3956D46DE8}") = "Solution Items", "Solution Items", "{5D551F37-7BB9-479D-943B-74972D00E4D8}"
	ProjectSection(SolutionItems) = preProject
		Readme.md = Readme.md
	EndProjectSection
EndProject
Global
	GlobalSection(SolutionConfigurationPlatforms) = preSolution
		Debug|Any CPU = Debug|Any CPU
		Release|Any CPU = Release|Any CPU
	EndGlobalSection
	GlobalSection(ProjectConfigurationPlatforms) = postSolution
		{CFD48DF1-4E3D-4E0E-B1B2-7D297C802955}.Debug|Any CPU.ActiveCfg = Debug|Any CPU
		{CFD48DF1-4E3D-4E0E-B1B2-7D297C802955}.Debug|Any CPU.Build.0 = Debug|Any CPU
		{CFD48DF1-4E3D-4E0E-B1B2-7D297C802955}.Release|Any CPU.ActiveCfg = Release|Any CPU
		{CFD48DF1-4E3D-4E0E-B1B2-7D297C802955}.Release|Any CPU.Build.0 = Release|Any CPU
	EndGlobalSection
	GlobalSection(SolutionProperties) = preSolution
		HideSolutionNode = FALSE
	EndGlobalSection
	GlobalSection(ExtensibilityGlobals) = postSolution
		SolutionGuid = {F30313B2-33B6-4CEB-985E-80ECD25F2593}
	EndGlobalSection
EndGlobal
